// !$*UTF8*$!
{
	archiveVersion = 1;
	classes = {
	};
	objectVersion = 50;
	objects = {

/* Begin PBXBuildFile section */
		1B0987F223EA61DF000033FA /* AppDelegate.swift in Sources */ = {isa = PBXBuildFile; fileRef = 1B0987F123EA61DF000033FA /* AppDelegate.swift */; };
		1B0987F423EA61DF000033FA /* SceneDelegate.swift in Sources */ = {isa = PBXBuildFile; fileRef = 1B0987F323EA61DF000033FA /* SceneDelegate.swift */; };
		1B0987F923EA61DF000033FA /* Main.storyboard in Resources */ = {isa = PBXBuildFile; fileRef = 1B0987F723EA61DF000033FA /* Main.storyboard */; };
		1B0987FB23EA61E5000033FA /* Assets.xcassets in Resources */ = {isa = PBXBuildFile; fileRef = 1B0987FA23EA61E5000033FA /* Assets.xcassets */; };
		1B0987FE23EA61E5000033FA /* LaunchScreen.storyboard in Resources */ = {isa = PBXBuildFile; fileRef = 1B0987FC23EA61E5000033FA /* LaunchScreen.storyboard */; };
		1B09882923EA640E000033FA /* PlantsTableViewController.swift in Sources */ = {isa = PBXBuildFile; fileRef = 1B09882823EA640E000033FA /* PlantsTableViewController.swift */; };
		1B09882B23EA643E000033FA /* DetailViewController.swift in Sources */ = {isa = PBXBuildFile; fileRef = 1B09882A23EA643E000033FA /* DetailViewController.swift */; };
		1B09883223EA928D000033FA /* Plants.xcdatamodeld in Sources */ = {isa = PBXBuildFile; fileRef = 1B09883023EA928D000033FA /* Plants.xcdatamodeld */; };
		1B09883423EA9415000033FA /* CoreDataStack.swift in Sources */ = {isa = PBXBuildFile; fileRef = 1B09883323EA9415000033FA /* CoreDataStack.swift */; };
		1B09883823EA9451000033FA /* Plant+Convenience.swift in Sources */ = {isa = PBXBuildFile; fileRef = 1B09883723EA9451000033FA /* Plant+Convenience.swift */; };
		1B09883C23EA9475000033FA /* PlantRepresentation.swift in Sources */ = {isa = PBXBuildFile; fileRef = 1B09883B23EA9475000033FA /* PlantRepresentation.swift */; };
		1B09884023EA97BD000033FA /* PlantController.swift in Sources */ = {isa = PBXBuildFile; fileRef = 1B09883F23EA97BD000033FA /* PlantController.swift */; };
		1BAA3FD925798BCA0076CE91 /* SearchResultTableViewCell.swift in Sources */ = {isa = PBXBuildFile; fileRef = 1BAA3FD825798BC90076CE91 /* SearchResultTableViewCell.swift */; };
		1BAA3FDE257AA2FD0076CE91 /* APIStructs.swift in Sources */ = {isa = PBXBuildFile; fileRef = 1BAA3FDD257AA2FC0076CE91 /* APIStructs.swift */; };
		1BAA3FE325808FFA0076CE91 /* PlantsTableViewCell.swift in Sources */ = {isa = PBXBuildFile; fileRef = 1BAA3FE225808FF70076CE91 /* PlantsTableViewCell.swift */; };
		1BAA3FEE25898B9A0076CE91 /* Key.swift in Sources */ = {isa = PBXBuildFile; fileRef = 1BAA3FED25898B910076CE91 /* Key.swift */; };
		1BEB0002258AA2CF008701D2 /* Localizable.strings in Resources */ = {isa = PBXBuildFile; fileRef = 1BEB0004258AA2CF008701D2 /* Localizable.strings */; };
		1BED79C025672D3E004241F4 /* RemindewTests.swift in Sources */ = {isa = PBXBuildFile; fileRef = 1BED79BF25672D3E004241F4 /* RemindewTests.swift */; };
		1BED79CE25672D84004241F4 /* RemindewUITests.swift in Sources */ = {isa = PBXBuildFile; fileRef = 1BED79CD25672D84004241F4 /* RemindewUITests.swift */; };
		1BED79D62568A3E9004241F4 /* Extensions.swift in Sources */ = {isa = PBXBuildFile; fileRef = 1BED79D52568A3E9004241F4 /* Extensions.swift */; };
		1BED79D8256D8970004241F4 /* DaySelectionView.swift in Sources */ = {isa = PBXBuildFile; fileRef = 1BED79D7256D8970004241F4 /* DaySelectionView.swift */; };
/* End PBXBuildFile section */

/* Begin PBXContainerItemProxy section */
		1BED79C225672D3E004241F4 /* PBXContainerItemProxy */ = {
			isa = PBXContainerItemProxy;
			containerPortal = 1B0987E623EA61DE000033FA /* Project object */;
			proxyType = 1;
			remoteGlobalIDString = 1B0987ED23EA61DE000033FA;
			remoteInfo = Remindew;
		};
		1BED79D025672D84004241F4 /* PBXContainerItemProxy */ = {
			isa = PBXContainerItemProxy;
			containerPortal = 1B0987E623EA61DE000033FA /* Project object */;
			proxyType = 1;
			remoteGlobalIDString = 1B0987ED23EA61DE000033FA;
			remoteInfo = Remindew;
		};
/* End PBXContainerItemProxy section */

/* Begin PBXFileReference section */
		1B0987EE23EA61DF000033FA /* Remindew.app */ = {isa = PBXFileReference; explicitFileType = wrapper.application; includeInIndex = 0; path = Remindew.app; sourceTree = BUILT_PRODUCTS_DIR; };
		1B0987F123EA61DF000033FA /* AppDelegate.swift */ = {isa = PBXFileReference; lastKnownFileType = sourcecode.swift; path = AppDelegate.swift; sourceTree = "<group>"; };
		1B0987F323EA61DF000033FA /* SceneDelegate.swift */ = {isa = PBXFileReference; lastKnownFileType = sourcecode.swift; path = SceneDelegate.swift; sourceTree = "<group>"; };
		1B0987F823EA61DF000033FA /* Base */ = {isa = PBXFileReference; lastKnownFileType = file.storyboard; name = Base; path = Base.lproj/Main.storyboard; sourceTree = "<group>"; };
		1B0987FA23EA61E5000033FA /* Assets.xcassets */ = {isa = PBXFileReference; lastKnownFileType = folder.assetcatalog; path = Assets.xcassets; sourceTree = "<group>"; };
		1B0987FD23EA61E5000033FA /* Base */ = {isa = PBXFileReference; lastKnownFileType = file.storyboard; name = Base; path = Base.lproj/LaunchScreen.storyboard; sourceTree = "<group>"; };
		1B0987FF23EA61E5000033FA /* Info.plist */ = {isa = PBXFileReference; lastKnownFileType = text.plist.xml; path = Info.plist; sourceTree = "<group>"; };
		1B09882823EA640E000033FA /* PlantsTableViewController.swift */ = {isa = PBXFileReference; lastKnownFileType = sourcecode.swift; path = PlantsTableViewController.swift; sourceTree = "<group>"; };
		1B09882A23EA643E000033FA /* DetailViewController.swift */ = {isa = PBXFileReference; lastKnownFileType = sourcecode.swift; path = DetailViewController.swift; sourceTree = "<group>"; };
		1B09883123EA928D000033FA /* Plants.xcdatamodel */ = {isa = PBXFileReference; lastKnownFileType = wrapper.xcdatamodel; path = Plants.xcdatamodel; sourceTree = "<group>"; };
		1B09883323EA9415000033FA /* CoreDataStack.swift */ = {isa = PBXFileReference; lastKnownFileType = sourcecode.swift; path = CoreDataStack.swift; sourceTree = "<group>"; };
		1B09883723EA9451000033FA /* Plant+Convenience.swift */ = {isa = PBXFileReference; lastKnownFileType = sourcecode.swift; path = "Plant+Convenience.swift"; sourceTree = "<group>"; };
		1B09883B23EA9475000033FA /* PlantRepresentation.swift */ = {isa = PBXFileReference; lastKnownFileType = sourcecode.swift; path = PlantRepresentation.swift; sourceTree = "<group>"; };
		1B09883F23EA97BD000033FA /* PlantController.swift */ = {isa = PBXFileReference; lastKnownFileType = sourcecode.swift; path = PlantController.swift; sourceTree = "<group>"; };
		1BAA3FD825798BC90076CE91 /* SearchResultTableViewCell.swift */ = {isa = PBXFileReference; lastKnownFileType = sourcecode.swift; path = SearchResultTableViewCell.swift; sourceTree = "<group>"; };
		1BAA3FDD257AA2FC0076CE91 /* APIStructs.swift */ = {isa = PBXFileReference; lastKnownFileType = sourcecode.swift; path = APIStructs.swift; sourceTree = "<group>"; };
		1BAA3FE225808FF70076CE91 /* PlantsTableViewCell.swift */ = {isa = PBXFileReference; lastKnownFileType = sourcecode.swift; path = PlantsTableViewCell.swift; sourceTree = "<group>"; };
		1BAA3FED25898B910076CE91 /* Key.swift */ = {isa = PBXFileReference; lastKnownFileType = sourcecode.swift; path = Key.swift; sourceTree = "<group>"; };
		1BEB0003258AA2CF008701D2 /* es */ = {isa = PBXFileReference; lastKnownFileType = text.plist.strings; name = es; path = es.lproj/Localizable.strings; sourceTree = "<group>"; };
		1BEB0005258AA2D5008701D2 /* en */ = {isa = PBXFileReference; lastKnownFileType = text.plist.strings; name = en; path = en.lproj/Localizable.strings; sourceTree = "<group>"; };
		1BEBFFF8258AA29C008701D2 /* es */ = {isa = PBXFileReference; lastKnownFileType = text.plist.strings; name = es; path = es.lproj/Main.strings; sourceTree = "<group>"; };
		1BEBFFF9258AA29C008701D2 /* es */ = {isa = PBXFileReference; lastKnownFileType = text.plist.strings; name = es; path = es.lproj/LaunchScreen.strings; sourceTree = "<group>"; };
		1BED79BD25672D3E004241F4 /* RemindewTests.xctest */ = {isa = PBXFileReference; explicitFileType = wrapper.cfbundle; includeInIndex = 0; path = RemindewTests.xctest; sourceTree = BUILT_PRODUCTS_DIR; };
		1BED79BF25672D3E004241F4 /* RemindewTests.swift */ = {isa = PBXFileReference; lastKnownFileType = sourcecode.swift; path = RemindewTests.swift; sourceTree = "<group>"; };
		1BED79C125672D3E004241F4 /* Info.plist */ = {isa = PBXFileReference; lastKnownFileType = text.plist.xml; path = Info.plist; sourceTree = "<group>"; };
		1BED79CB25672D84004241F4 /* RemindewUITests.xctest */ = {isa = PBXFileReference; explicitFileType = wrapper.cfbundle; includeInIndex = 0; path = RemindewUITests.xctest; sourceTree = BUILT_PRODUCTS_DIR; };
		1BED79CD25672D84004241F4 /* RemindewUITests.swift */ = {isa = PBXFileReference; lastKnownFileType = sourcecode.swift; path = RemindewUITests.swift; sourceTree = "<group>"; };
		1BED79CF25672D84004241F4 /* Info.plist */ = {isa = PBXFileReference; lastKnownFileType = text.plist.xml; path = Info.plist; sourceTree = "<group>"; };
		1BED79D52568A3E9004241F4 /* Extensions.swift */ = {isa = PBXFileReference; lastKnownFileType = sourcecode.swift; path = Extensions.swift; sourceTree = "<group>"; };
		1BED79D7256D8970004241F4 /* DaySelectionView.swift */ = {isa = PBXFileReference; lastKnownFileType = sourcecode.swift; path = DaySelectionView.swift; sourceTree = "<group>"; };
/* End PBXFileReference section */

/* Begin PBXFrameworksBuildPhase section */
		1B0987EB23EA61DE000033FA /* Frameworks */ = {
			isa = PBXFrameworksBuildPhase;
			buildActionMask = 2147483647;
			files = (
			);
			runOnlyForDeploymentPostprocessing = 0;
		};
		1BED79BA25672D3E004241F4 /* Frameworks */ = {
			isa = PBXFrameworksBuildPhase;
			buildActionMask = 2147483647;
			files = (
			);
			runOnlyForDeploymentPostprocessing = 0;
		};
		1BED79C825672D84004241F4 /* Frameworks */ = {
			isa = PBXFrameworksBuildPhase;
			buildActionMask = 2147483647;
			files = (
			);
			runOnlyForDeploymentPostprocessing = 0;
		};
/* End PBXFrameworksBuildPhase section */

/* Begin PBXGroup section */
		1B0987E523EA61DE000033FA = {
			isa = PBXGroup;
			children = (
				1B0987F023EA61DF000033FA /* Remindew */,
				1BED79BE25672D3E004241F4 /* RemindewTests */,
				1BED79CC25672D84004241F4 /* RemindewUITests */,
				1B0987EF23EA61DF000033FA /* Products */,
			);
			sourceTree = "<group>";
		};
		1B0987EF23EA61DF000033FA /* Products */ = {
			isa = PBXGroup;
			children = (
				1B0987EE23EA61DF000033FA /* Remindew.app */,
				1BED79BD25672D3E004241F4 /* RemindewTests.xctest */,
				1BED79CB25672D84004241F4 /* RemindewUITests.xctest */,
			);
			name = Products;
			sourceTree = "<group>";
		};
		1B0987F023EA61DF000033FA /* Remindew */ = {
			isa = PBXGroup;
			children = (
				1B09882423EA6259000033FA /* Model */,
				1BAA3FF925898E790076CE91 /* Model Controllers */,
				1BAA3FFA25898E990076CE91 /* View Controllers */,
				1B09882223EA624B000033FA /* Views */,
				1BAA3FF225898DBD0076CE91 /* Resources */,
			);
			path = Remindew;
			sourceTree = "<group>";
		};
		1B09882223EA624B000033FA /* Views */ = {
			isa = PBXGroup;
			children = (
				1B0987F723EA61DF000033FA /* Main.storyboard */,
				1B0987FC23EA61E5000033FA /* LaunchScreen.storyboard */,
				1BED79D7256D8970004241F4 /* DaySelectionView.swift */,
				1BAA3FD825798BC90076CE91 /* SearchResultTableViewCell.swift */,
				1BAA3FE225808FF70076CE91 /* PlantsTableViewCell.swift */,
			);
			path = Views;
			sourceTree = "<group>";
		};
		1B09882423EA6259000033FA /* Model */ = {
			isa = PBXGroup;
			children = (
				1B09883023EA928D000033FA /* Plants.xcdatamodeld */,
				1B09883323EA9415000033FA /* CoreDataStack.swift */,
				1B09883723EA9451000033FA /* Plant+Convenience.swift */,
				1B09883B23EA9475000033FA /* PlantRepresentation.swift */,
				1BAA3FDD257AA2FC0076CE91 /* APIStructs.swift */,
				1BAA3FED25898B910076CE91 /* Key.swift */,
			);
			path = Model;
			sourceTree = "<group>";
		};
		1BAA3FF225898DBD0076CE91 /* Resources */ = {
			isa = PBXGroup;
			children = (
				1B0987F123EA61DF000033FA /* AppDelegate.swift */,
				1B0987F323EA61DF000033FA /* SceneDelegate.swift */,
				1B0987FA23EA61E5000033FA /* Assets.xcassets */,
				1B0987FF23EA61E5000033FA /* Info.plist */,
				1BED79D52568A3E9004241F4 /* Extensions.swift */,
				1BEB0004258AA2CF008701D2 /* Localizable.strings */,
			);
			path = Resources;
			sourceTree = "<group>";
		};
		1BAA3FF925898E790076CE91 /* Model Controllers */ = {
			isa = PBXGroup;
			children = (
				1B09883F23EA97BD000033FA /* PlantController.swift */,
			);
			path = "Model Controllers";
			sourceTree = "<group>";
		};
		1BAA3FFA25898E990076CE91 /* View Controllers */ = {
			isa = PBXGroup;
			children = (
				1B09882823EA640E000033FA /* PlantsTableViewController.swift */,
				1B09882A23EA643E000033FA /* DetailViewController.swift */,
			);
			path = "View Controllers";
			sourceTree = "<group>";
		};
		1BED79BE25672D3E004241F4 /* RemindewTests */ = {
			isa = PBXGroup;
			children = (
				1BED79BF25672D3E004241F4 /* RemindewTests.swift */,
				1BED79C125672D3E004241F4 /* Info.plist */,
			);
			path = RemindewTests;
			sourceTree = "<group>";
		};
		1BED79CC25672D84004241F4 /* RemindewUITests */ = {
			isa = PBXGroup;
			children = (
				1BED79CD25672D84004241F4 /* RemindewUITests.swift */,
				1BED79CF25672D84004241F4 /* Info.plist */,
			);
			path = RemindewUITests;
			sourceTree = "<group>";
		};
/* End PBXGroup section */

/* Begin PBXNativeTarget section */
		1B0987ED23EA61DE000033FA /* Remindew */ = {
			isa = PBXNativeTarget;
			buildConfigurationList = 1B09881823EA61E5000033FA /* Build configuration list for PBXNativeTarget "Remindew" */;
			buildPhases = (
				1B0987EA23EA61DE000033FA /* Sources */,
				1B0987EB23EA61DE000033FA /* Frameworks */,
				1B0987EC23EA61DE000033FA /* Resources */,
			);
			buildRules = (
			);
			dependencies = (
			);
			name = Remindew;
			productName = WaterMyPlantsBackup;
			productReference = 1B0987EE23EA61DF000033FA /* Remindew.app */;
			productType = "com.apple.product-type.application";
		};
		1BED79BC25672D3E004241F4 /* RemindewTests */ = {
			isa = PBXNativeTarget;
			buildConfigurationList = 1BED79C425672D3E004241F4 /* Build configuration list for PBXNativeTarget "RemindewTests" */;
			buildPhases = (
				1BED79B925672D3E004241F4 /* Sources */,
				1BED79BA25672D3E004241F4 /* Frameworks */,
				1BED79BB25672D3E004241F4 /* Resources */,
			);
			buildRules = (
			);
			dependencies = (
				1BED79C325672D3E004241F4 /* PBXTargetDependency */,
			);
			name = RemindewTests;
			productName = RemindewTests;
			productReference = 1BED79BD25672D3E004241F4 /* RemindewTests.xctest */;
			productType = "com.apple.product-type.bundle.unit-test";
		};
		1BED79CA25672D84004241F4 /* RemindewUITests */ = {
			isa = PBXNativeTarget;
			buildConfigurationList = 1BED79D225672D84004241F4 /* Build configuration list for PBXNativeTarget "RemindewUITests" */;
			buildPhases = (
				1BED79C725672D84004241F4 /* Sources */,
				1BED79C825672D84004241F4 /* Frameworks */,
				1BED79C925672D84004241F4 /* Resources */,
			);
			buildRules = (
			);
			dependencies = (
				1BED79D125672D84004241F4 /* PBXTargetDependency */,
			);
			name = RemindewUITests;
			productName = RemindewUITests;
			productReference = 1BED79CB25672D84004241F4 /* RemindewUITests.xctest */;
			productType = "com.apple.product-type.bundle.ui-testing";
		};
/* End PBXNativeTarget section */

/* Begin PBXProject section */
		1B0987E623EA61DE000033FA /* Project object */ = {
			isa = PBXProject;
			attributes = {
				LastSwiftUpdateCheck = 1170;
				LastUpgradeCheck = 1220;
				ORGANIZATIONNAME = "Jorge Alvarez";
				TargetAttributes = {
					1B0987ED23EA61DE000033FA = {
						CreatedOnToolsVersion = 11.3.1;
					};
					1BED79BC25672D3E004241F4 = {
						CreatedOnToolsVersion = 11.7;
						TestTargetID = 1B0987ED23EA61DE000033FA;
					};
					1BED79CA25672D84004241F4 = {
						CreatedOnToolsVersion = 11.7;
						TestTargetID = 1B0987ED23EA61DE000033FA;
					};
				};
			};
			buildConfigurationList = 1B0987E923EA61DE000033FA /* Build configuration list for PBXProject "Remindew" */;
			compatibilityVersion = "Xcode 9.3";
			developmentRegion = en;
			hasScannedForEncodings = 0;
			knownRegions = (
				en,
				Base,
				es,
			);
			mainGroup = 1B0987E523EA61DE000033FA;
			productRefGroup = 1B0987EF23EA61DF000033FA /* Products */;
			projectDirPath = "";
			projectRoot = "";
			targets = (
				1B0987ED23EA61DE000033FA /* Remindew */,
				1BED79BC25672D3E004241F4 /* RemindewTests */,
				1BED79CA25672D84004241F4 /* RemindewUITests */,
			);
		};
/* End PBXProject section */

/* Begin PBXResourcesBuildPhase section */
		1B0987EC23EA61DE000033FA /* Resources */ = {
			isa = PBXResourcesBuildPhase;
			buildActionMask = 2147483647;
			files = (
				1B0987FE23EA61E5000033FA /* LaunchScreen.storyboard in Resources */,
				1BEB0002258AA2CF008701D2 /* Localizable.strings in Resources */,
				1B0987FB23EA61E5000033FA /* Assets.xcassets in Resources */,
				1B0987F923EA61DF000033FA /* Main.storyboard in Resources */,
			);
			runOnlyForDeploymentPostprocessing = 0;
		};
		1BED79BB25672D3E004241F4 /* Resources */ = {
			isa = PBXResourcesBuildPhase;
			buildActionMask = 2147483647;
			files = (
			);
			runOnlyForDeploymentPostprocessing = 0;
		};
		1BED79C925672D84004241F4 /* Resources */ = {
			isa = PBXResourcesBuildPhase;
			buildActionMask = 2147483647;
			files = (
			);
			runOnlyForDeploymentPostprocessing = 0;
		};
/* End PBXResourcesBuildPhase section */

/* Begin PBXSourcesBuildPhase section */
		1B0987EA23EA61DE000033FA /* Sources */ = {
			isa = PBXSourcesBuildPhase;
			buildActionMask = 2147483647;
			files = (
				1B09883223EA928D000033FA /* Plants.xcdatamodeld in Sources */,
				1B0987F223EA61DF000033FA /* AppDelegate.swift in Sources */,
				1BAA3FDE257AA2FD0076CE91 /* APIStructs.swift in Sources */,
				1BAA3FD925798BCA0076CE91 /* SearchResultTableViewCell.swift in Sources */,
				1B09884023EA97BD000033FA /* PlantController.swift in Sources */,
				1B09882B23EA643E000033FA /* DetailViewController.swift in Sources */,
				1B09883823EA9451000033FA /* Plant+Convenience.swift in Sources */,
				1BED79D62568A3E9004241F4 /* Extensions.swift in Sources */,
				1B0987F423EA61DF000033FA /* SceneDelegate.swift in Sources */,
				1BAA3FE325808FFA0076CE91 /* PlantsTableViewCell.swift in Sources */,
				1B09882923EA640E000033FA /* PlantsTableViewController.swift in Sources */,
				1BAA3FEE25898B9A0076CE91 /* Key.swift in Sources */,
				1B09883423EA9415000033FA /* CoreDataStack.swift in Sources */,
				1BED79D8256D8970004241F4 /* DaySelectionView.swift in Sources */,
				1B09883C23EA9475000033FA /* PlantRepresentation.swift in Sources */,
			);
			runOnlyForDeploymentPostprocessing = 0;
		};
		1BED79B925672D3E004241F4 /* Sources */ = {
			isa = PBXSourcesBuildPhase;
			buildActionMask = 2147483647;
			files = (
				1BED79C025672D3E004241F4 /* RemindewTests.swift in Sources */,
			);
			runOnlyForDeploymentPostprocessing = 0;
		};
		1BED79C725672D84004241F4 /* Sources */ = {
			isa = PBXSourcesBuildPhase;
			buildActionMask = 2147483647;
			files = (
				1BED79CE25672D84004241F4 /* RemindewUITests.swift in Sources */,
			);
			runOnlyForDeploymentPostprocessing = 0;
		};
/* End PBXSourcesBuildPhase section */

/* Begin PBXTargetDependency section */
		1BED79C325672D3E004241F4 /* PBXTargetDependency */ = {
			isa = PBXTargetDependency;
			target = 1B0987ED23EA61DE000033FA /* Remindew */;
			targetProxy = 1BED79C225672D3E004241F4 /* PBXContainerItemProxy */;
		};
		1BED79D125672D84004241F4 /* PBXTargetDependency */ = {
			isa = PBXTargetDependency;
			target = 1B0987ED23EA61DE000033FA /* Remindew */;
			targetProxy = 1BED79D025672D84004241F4 /* PBXContainerItemProxy */;
		};
/* End PBXTargetDependency section */

/* Begin PBXVariantGroup section */
		1B0987F723EA61DF000033FA /* Main.storyboard */ = {
			isa = PBXVariantGroup;
			children = (
				1B0987F823EA61DF000033FA /* Base */,
				1BEBFFF8258AA29C008701D2 /* es */,
			);
			name = Main.storyboard;
			sourceTree = "<group>";
		};
		1B0987FC23EA61E5000033FA /* LaunchScreen.storyboard */ = {
			isa = PBXVariantGroup;
			children = (
				1B0987FD23EA61E5000033FA /* Base */,
				1BEBFFF9258AA29C008701D2 /* es */,
			);
			name = LaunchScreen.storyboard;
			sourceTree = "<group>";
		};
		1BEB0004258AA2CF008701D2 /* Localizable.strings */ = {
			isa = PBXVariantGroup;
			children = (
				1BEB0003258AA2CF008701D2 /* es */,
				1BEB0005258AA2D5008701D2 /* en */,
			);
			name = Localizable.strings;
			sourceTree = "<group>";
		};
/* End PBXVariantGroup section */

/* Begin XCBuildConfiguration section */
		1B09881623EA61E5000033FA /* Debug */ = {
			isa = XCBuildConfiguration;
			buildSettings = {
				ALWAYS_SEARCH_USER_PATHS = NO;
				CLANG_ANALYZER_LOCALIZABILITY_NONLOCALIZED = YES;
				CLANG_ANALYZER_NONNULL = YES;
				CLANG_ANALYZER_NUMBER_OBJECT_CONVERSION = YES_AGGRESSIVE;
				CLANG_CXX_LANGUAGE_STANDARD = "gnu++14";
				CLANG_CXX_LIBRARY = "libc++";
				CLANG_ENABLE_MODULES = YES;
				CLANG_ENABLE_OBJC_ARC = YES;
				CLANG_ENABLE_OBJC_WEAK = YES;
				CLANG_WARN_BLOCK_CAPTURE_AUTORELEASING = YES;
				CLANG_WARN_BOOL_CONVERSION = YES;
				CLANG_WARN_COMMA = YES;
				CLANG_WARN_CONSTANT_CONVERSION = YES;
				CLANG_WARN_DEPRECATED_OBJC_IMPLEMENTATIONS = YES;
				CLANG_WARN_DIRECT_OBJC_ISA_USAGE = YES_ERROR;
				CLANG_WARN_DOCUMENTATION_COMMENTS = YES;
				CLANG_WARN_EMPTY_BODY = YES;
				CLANG_WARN_ENUM_CONVERSION = YES;
				CLANG_WARN_INFINITE_RECURSION = YES;
				CLANG_WARN_INT_CONVERSION = YES;
				CLANG_WARN_NON_LITERAL_NULL_CONVERSION = YES;
				CLANG_WARN_OBJC_IMPLICIT_RETAIN_SELF = YES;
				CLANG_WARN_OBJC_LITERAL_CONVERSION = YES;
				CLANG_WARN_OBJC_ROOT_CLASS = YES_ERROR;
				CLANG_WARN_QUOTED_INCLUDE_IN_FRAMEWORK_HEADER = YES;
				CLANG_WARN_RANGE_LOOP_ANALYSIS = YES;
				CLANG_WARN_STRICT_PROTOTYPES = YES;
				CLANG_WARN_SUSPICIOUS_MOVE = YES;
				CLANG_WARN_UNGUARDED_AVAILABILITY = YES_AGGRESSIVE;
				CLANG_WARN_UNREACHABLE_CODE = YES;
				CLANG_WARN__DUPLICATE_METHOD_MATCH = YES;
				COPY_PHASE_STRIP = NO;
				DEBUG_INFORMATION_FORMAT = dwarf;
				ENABLE_STRICT_OBJC_MSGSEND = YES;
				ENABLE_TESTABILITY = YES;
				GCC_C_LANGUAGE_STANDARD = gnu11;
				GCC_DYNAMIC_NO_PIC = NO;
				GCC_NO_COMMON_BLOCKS = YES;
				GCC_OPTIMIZATION_LEVEL = 0;
				GCC_PREPROCESSOR_DEFINITIONS = (
					"DEBUG=1",
					"$(inherited)",
				);
				GCC_WARN_64_TO_32_BIT_CONVERSION = YES;
				GCC_WARN_ABOUT_RETURN_TYPE = YES_ERROR;
				GCC_WARN_UNDECLARED_SELECTOR = YES;
				GCC_WARN_UNINITIALIZED_AUTOS = YES_AGGRESSIVE;
				GCC_WARN_UNUSED_FUNCTION = YES;
				GCC_WARN_UNUSED_VARIABLE = YES;
				IPHONEOS_DEPLOYMENT_TARGET = 13.2;
				MTL_ENABLE_DEBUG_INFO = INCLUDE_SOURCE;
				MTL_FAST_MATH = YES;
				ONLY_ACTIVE_ARCH = YES;
				SDKROOT = iphoneos;
				SWIFT_ACTIVE_COMPILATION_CONDITIONS = DEBUG;
				SWIFT_OPTIMIZATION_LEVEL = "-Onone";
			};
			name = Debug;
		};
		1B09881723EA61E5000033FA /* Release */ = {
			isa = XCBuildConfiguration;
			buildSettings = {
				ALWAYS_SEARCH_USER_PATHS = NO;
				CLANG_ANALYZER_LOCALIZABILITY_NONLOCALIZED = YES;
				CLANG_ANALYZER_NONNULL = YES;
				CLANG_ANALYZER_NUMBER_OBJECT_CONVERSION = YES_AGGRESSIVE;
				CLANG_CXX_LANGUAGE_STANDARD = "gnu++14";
				CLANG_CXX_LIBRARY = "libc++";
				CLANG_ENABLE_MODULES = YES;
				CLANG_ENABLE_OBJC_ARC = YES;
				CLANG_ENABLE_OBJC_WEAK = YES;
				CLANG_WARN_BLOCK_CAPTURE_AUTORELEASING = YES;
				CLANG_WARN_BOOL_CONVERSION = YES;
				CLANG_WARN_COMMA = YES;
				CLANG_WARN_CONSTANT_CONVERSION = YES;
				CLANG_WARN_DEPRECATED_OBJC_IMPLEMENTATIONS = YES;
				CLANG_WARN_DIRECT_OBJC_ISA_USAGE = YES_ERROR;
				CLANG_WARN_DOCUMENTATION_COMMENTS = YES;
				CLANG_WARN_EMPTY_BODY = YES;
				CLANG_WARN_ENUM_CONVERSION = YES;
				CLANG_WARN_INFINITE_RECURSION = YES;
				CLANG_WARN_INT_CONVERSION = YES;
				CLANG_WARN_NON_LITERAL_NULL_CONVERSION = YES;
				CLANG_WARN_OBJC_IMPLICIT_RETAIN_SELF = YES;
				CLANG_WARN_OBJC_LITERAL_CONVERSION = YES;
				CLANG_WARN_OBJC_ROOT_CLASS = YES_ERROR;
				CLANG_WARN_QUOTED_INCLUDE_IN_FRAMEWORK_HEADER = YES;
				CLANG_WARN_RANGE_LOOP_ANALYSIS = YES;
				CLANG_WARN_STRICT_PROTOTYPES = YES;
				CLANG_WARN_SUSPICIOUS_MOVE = YES;
				CLANG_WARN_UNGUARDED_AVAILABILITY = YES_AGGRESSIVE;
				CLANG_WARN_UNREACHABLE_CODE = YES;
				CLANG_WARN__DUPLICATE_METHOD_MATCH = YES;
				COPY_PHASE_STRIP = NO;
				DEBUG_INFORMATION_FORMAT = "dwarf-with-dsym";
				ENABLE_NS_ASSERTIONS = NO;
				ENABLE_STRICT_OBJC_MSGSEND = YES;
				GCC_C_LANGUAGE_STANDARD = gnu11;
				GCC_NO_COMMON_BLOCKS = YES;
				GCC_WARN_64_TO_32_BIT_CONVERSION = YES;
				GCC_WARN_ABOUT_RETURN_TYPE = YES_ERROR;
				GCC_WARN_UNDECLARED_SELECTOR = YES;
				GCC_WARN_UNINITIALIZED_AUTOS = YES_AGGRESSIVE;
				GCC_WARN_UNUSED_FUNCTION = YES;
				GCC_WARN_UNUSED_VARIABLE = YES;
				IPHONEOS_DEPLOYMENT_TARGET = 13.2;
				MTL_ENABLE_DEBUG_INFO = NO;
				MTL_FAST_MATH = YES;
				SDKROOT = iphoneos;
				SWIFT_COMPILATION_MODE = wholemodule;
				SWIFT_OPTIMIZATION_LEVEL = "-O";
				VALIDATE_PRODUCT = YES;
			};
			name = Release;
		};
		1B09881923EA61E5000033FA /* Debug */ = {
			isa = XCBuildConfiguration;
			buildSettings = {
				ASSETCATALOG_COMPILER_APPICON_NAME = AppIcon;
				CODE_SIGN_STYLE = Automatic;
				DEVELOPMENT_TEAM = XFZ73X2DJQ;
				INFOPLIST_FILE = Remindew/Resources/Info.plist;
				LD_RUNPATH_SEARCH_PATHS = (
					"$(inherited)",
					"@executable_path/Frameworks",
				);
				PRODUCT_BUNDLE_IDENTIFIER = com.jorgealvarez.Remindew;
				PRODUCT_NAME = "$(TARGET_NAME)";
				SWIFT_VERSION = 5.0;
				TARGETED_DEVICE_FAMILY = "1,2";
			};
			name = Debug;
		};
		1B09881A23EA61E5000033FA /* Release */ = {
			isa = XCBuildConfiguration;
			buildSettings = {
				ASSETCATALOG_COMPILER_APPICON_NAME = AppIcon;
				CODE_SIGN_STYLE = Automatic;
				DEVELOPMENT_TEAM = XFZ73X2DJQ;
				INFOPLIST_FILE = Remindew/Resources/Info.plist;
				LD_RUNPATH_SEARCH_PATHS = (
					"$(inherited)",
					"@executable_path/Frameworks",
				);
				PRODUCT_BUNDLE_IDENTIFIER = com.jorgealvarez.Remindew;
				PRODUCT_NAME = "$(TARGET_NAME)";
				SWIFT_VERSION = 5.0;
				TARGETED_DEVICE_FAMILY = "1,2";
			};
			name = Release;
		};
		1BED79C525672D3E004241F4 /* Debug */ = {
			isa = XCBuildConfiguration;
			buildSettings = {
				BUNDLE_LOADER = "$(TEST_HOST)";
				CODE_SIGN_STYLE = Automatic;
				DEVELOPMENT_TEAM = XFZ73X2DJQ;
				INFOPLIST_FILE = RemindewTests/Info.plist;
				IPHONEOS_DEPLOYMENT_TARGET = 13.7;
				LD_RUNPATH_SEARCH_PATHS = (
					"$(inherited)",
					"@executable_path/Frameworks",
					"@loader_path/Frameworks",
				);
				PRODUCT_BUNDLE_IDENTIFIER = com.jorgealvarez.RemindewTests;
				PRODUCT_NAME = "$(TARGET_NAME)";
				SWIFT_VERSION = 5.0;
				TARGETED_DEVICE_FAMILY = "1,2";
				TEST_HOST = "$(BUILT_PRODUCTS_DIR)/Remindew.app/Remindew";
			};
			name = Debug;
		};
		1BED79C625672D3E004241F4 /* Release */ = {
			isa = XCBuildConfiguration;
			buildSettings = {
				BUNDLE_LOADER = "$(TEST_HOST)";
				CODE_SIGN_STYLE = Automatic;
				DEVELOPMENT_TEAM = XFZ73X2DJQ;
				INFOPLIST_FILE = RemindewTests/Info.plist;
				IPHONEOS_DEPLOYMENT_TARGET = 13.7;
				LD_RUNPATH_SEARCH_PATHS = (
					"$(inherited)",
					"@executable_path/Frameworks",
					"@loader_path/Frameworks",
				);
				PRODUCT_BUNDLE_IDENTIFIER = com.jorgealvarez.RemindewTests;
				PRODUCT_NAME = "$(TARGET_NAME)";
				SWIFT_VERSION = 5.0;
				TARGETED_DEVICE_FAMILY = "1,2";
				TEST_HOST = "$(BUILT_PRODUCTS_DIR)/Remindew.app/Remindew";
			};
			name = Release;
		};
		1BED79D325672D84004241F4 /* Debug */ = {
			isa = XCBuildConfiguration;
			buildSettings = {
				CODE_SIGN_STYLE = Automatic;
				DEVELOPMENT_TEAM = XFZ73X2DJQ;
				INFOPLIST_FILE = RemindewUITests/Info.plist;
				IPHONEOS_DEPLOYMENT_TARGET = 13.7;
				LD_RUNPATH_SEARCH_PATHS = (
					"$(inherited)",
					"@executable_path/Frameworks",
					"@loader_path/Frameworks",
				);
				PRODUCT_BUNDLE_IDENTIFIER = com.jorgealvarez.RemindewUITests;
				PRODUCT_NAME = "$(TARGET_NAME)";
				SWIFT_VERSION = 5.0;
				TARGETED_DEVICE_FAMILY = "1,2";
				TEST_TARGET_NAME = Remindew;
			};
			name = Debug;
		};
		1BED79D425672D84004241F4 /* Release */ = {
			isa = XCBuildConfiguration;
			buildSettings = {
				CODE_SIGN_STYLE = Automatic;
				DEVELOPMENT_TEAM = XFZ73X2DJQ;
				INFOPLIST_FILE = RemindewUITests/Info.plist;
				IPHONEOS_DEPLOYMENT_TARGET = 13.7;
				LD_RUNPATH_SEARCH_PATHS = (
					"$(inherited)",
					"@executable_path/Frameworks",
					"@loader_path/Frameworks",
				);
				PRODUCT_BUNDLE_IDENTIFIER = com.jorgealvarez.RemindewUITests;
				PRODUCT_NAME = "$(TARGET_NAME)";
				SWIFT_VERSION = 5.0;
				TARGETED_DEVICE_FAMILY = "1,2";
				TEST_TARGET_NAME = Remindew;
			};
			name = Release;
		};
/* End XCBuildConfiguration section */

/* Begin XCConfigurationList section */
		1B0987E923EA61DE000033FA /* Build configuration list for PBXProject "Remindew" */ = {
			isa = XCConfigurationList;
			buildConfigurations = (
				1B09881623EA61E5000033FA /* Debug */,
				1B09881723EA61E5000033FA /* Release */,
			);
			defaultConfigurationIsVisible = 0;
			defaultConfigurationName = Release;
		};
		1B09881823EA61E5000033FA /* Build configuration list for PBXNativeTarget "Remindew" */ = {
			isa = XCConfigurationList;
			buildConfigurations = (
				1B09881923EA61E5000033FA /* Debug */,
				1B09881A23EA61E5000033FA /* Release */,
			);
			defaultConfigurationIsVisible = 0;
			defaultConfigurationName = Release;
		};
		1BED79C425672D3E004241F4 /* Build configuration list for PBXNativeTarget "RemindewTests" */ = {
			isa = XCConfigurationList;
			buildConfigurations = (
				1BED79C525672D3E004241F4 /* Debug */,
				1BED79C625672D3E004241F4 /* Release */,
			);
			defaultConfigurationIsVisible = 0;
			defaultConfigurationName = Release;
		};
		1BED79D225672D84004241F4 /* Build configuration list for PBXNativeTarget "RemindewUITests" */ = {
			isa = XCConfigurationList;
			buildConfigurations = (
				1BED79D325672D84004241F4 /* Debug */,
				1BED79D425672D84004241F4 /* Release */,
			);
			defaultConfigurationIsVisible = 0;
			defaultConfigurationName = Release;
		};
/* End XCConfigurationList section */

/* Begin XCVersionGroup section */
		1B09883023EA928D000033FA /* Plants.xcdatamodeld */ = {
			isa = XCVersionGroup;
			children = (
				1B09883123EA928D000033FA /* Plants.xcdatamodel */,
			);
			currentVersion = 1B09883123EA928D000033FA /* Plants.xcdatamodel */;
			path = Plants.xcdatamodeld;
			sourceTree = "<group>";
			versionGroupType = wrapper.xcdatamodel;
		};
/* End XCVersionGroup section */
	};
	rootObject = 1B0987E623EA61DE000033FA /* Project object */;
}
